
Microsoft Visual Studio Solution File, Format Version 12.00
# Visual Studio Version 16
VisualStudioVersion = 16.0.31410.357
MinimumVisualStudioVersion = 10.0.40219.1
Project("{FAE04EC0-301F-11D3-BF4B-00C04F79EFBC}") = "Assignment4", "Assignment4\Assignment4.csproj", "{D5D28675-FBBD-4C55-8D28-65E31F40E0A8}"
EndProject
Global
	GlobalSection(SolutionConfigurationPlatforms) = preSolution
		Debug|Any CPU = Debug|Any CPU
		Release|Any CPU = Release|Any CPU
	EndGlobalSection
	GlobalSection(ProjectConfigurationPlatforms) = postSolution
		{D5D28675-FBBD-4C55-8D28-65E31F40E0A8}.Debug|Any CPU.ActiveCfg = Debug|Any CPU
		{D5D28675-FBBD-4C55-8D28-65E31F40E0A8}.Debug|Any CPU.Build.0 = Debug|Any CPU
		{D5D28675-FBBD-4C55-8D28-65E31F40E0A8}.Release|Any CPU.ActiveCfg = Release|Any CPU
		{D5D28675-FBBD-4C55-8D28-65E31F40E0A8}.Release|Any CPU.Build.0 = Release|Any CPU
	EndGlobalSection
	GlobalSection(SolutionProperties) = preSolution
		HideSolutionNode = FALSE
	EndGlobalSection
	GlobalSection(ExtensibilityGlobals) = postSolution
		SolutionGuid = {6CF4D68C-BE66-4C78-85A9-6F6183E85ADD}
	EndGlobalSection
EndGlobal
